
Microsoft Visual Studio Solution File, Format Version 12.00
# Visual Studio 15
VisualStudioVersion = 15.0.28010.2019
MinimumVisualStudioVersion = 10.0.40219.1
Project("{9A19103F-16F7-4668-BE54-9A1E7A4F7556}") = "FlamingoTopWear", "IntegerStacker\FlamingoTopWear.csproj", "{9FF9BD64-BED5-457A-A0E1-7D767546D96B}"
EndProject
Project("{9A19103F-16F7-4668-BE54-9A1E7A4F7556}") = "FlamingoTopWear.MSTest", "FlamingoTopWear.MSTest\FlamingoTopWear.MSTest.csproj", "{5A5DCFF4-EAE7-48F9-96A9-7ED507E9CFB6}"
EndProject
Project("{FAE04EC0-301F-11D3-BF4B-00C04F79EFBC}") = "FlamingoTopWear.IntegerStacker", "FlamingoTopWear.IntegerStacker\FlamingoTopWear.IntegerStacker.csproj", "{24678C2A-8A15-488A-BF98-E648425BD6A1}"
EndProject
Global
	GlobalSection(SolutionConfigurationPlatforms) = preSolution
		Debug|Any CPU = Debug|Any CPU
		Release|Any CPU = Release|Any CPU
	EndGlobalSection
	GlobalSection(ProjectConfigurationPlatforms) = postSolution
		{9FF9BD64-BED5-457A-A0E1-7D767546D96B}.Debug|Any CPU.ActiveCfg = Debug|Any CPU
		{9FF9BD64-BED5-457A-A0E1-7D767546D96B}.Debug|Any CPU.Build.0 = Debug|Any CPU
		{9FF9BD64-BED5-457A-A0E1-7D767546D96B}.Release|Any CPU.ActiveCfg = Release|Any CPU
		{9FF9BD64-BED5-457A-A0E1-7D767546D96B}.Release|Any CPU.Build.0 = Release|Any CPU
		{5A5DCFF4-EAE7-48F9-96A9-7ED507E9CFB6}.Debug|Any CPU.ActiveCfg = Debug|Any CPU
		{5A5DCFF4-EAE7-48F9-96A9-7ED507E9CFB6}.Debug|Any CPU.Build.0 = Debug|Any CPU
		{5A5DCFF4-EAE7-48F9-96A9-7ED507E9CFB6}.Release|Any CPU.ActiveCfg = Release|Any CPU
		{5A5DCFF4-EAE7-48F9-96A9-7ED507E9CFB6}.Release|Any CPU.Build.0 = Release|Any CPU
		{24678C2A-8A15-488A-BF98-E648425BD6A1}.Debug|Any CPU.ActiveCfg = Debug|Any CPU
		{24678C2A-8A15-488A-BF98-E648425BD6A1}.Debug|Any CPU.Build.0 = Debug|Any CPU
		{24678C2A-8A15-488A-BF98-E648425BD6A1}.Release|Any CPU.ActiveCfg = Release|Any CPU
		{24678C2A-8A15-488A-BF98-E648425BD6A1}.Release|Any CPU.Build.0 = Release|Any CPU
	EndGlobalSection
	GlobalSection(SolutionProperties) = preSolution
		HideSolutionNode = FALSE
	EndGlobalSection
	GlobalSection(ExtensibilityGlobals) = postSolution
		SolutionGuid = {728BD081-7AF2-472C-9190-D3C8325F6D56}
	EndGlobalSection
EndGlobal
